
Microsoft Visual Studio Solution File, Format Version 12.00
# Visual Studio 15
Project("{FAE04EC0-301F-11D3-BF4B-00C04F79EFBC}") = "MiniProject1", "MiniProject1.csproj", "{E97CDDE6-8191-44F7-8201-14A39C4FEBA7}"
EndProject
Global
	GlobalSection(SolutionConfigurationPlatforms) = preSolution
		Debug|Any CPU = Debug|Any CPU
		Release|Any CPU = Release|Any CPU
	EndGlobalSection
	GlobalSection(ProjectConfigurationPlatforms) = postSolution
		{E97CDDE6-8191-44F7-8201-14A39C4FEBA7}.Debug|Any CPU.ActiveCfg = Debug|Any CPU
		{E97CDDE6-8191-44F7-8201-14A39C4FEBA7}.Debug|Any CPU.Build.0 = Debug|Any CPU
		{E97CDDE6-8191-44F7-8201-14A39C4FEBA7}.Release|Any CPU.ActiveCfg = Release|Any CPU
		{E97CDDE6-8191-44F7-8201-14A39C4FEBA7}.Release|Any CPU.Build.0 = Release|Any CPU
	EndGlobalSection
EndGlobal
