
Microsoft Visual Studio Solution File, Format Version 12.00
# Visual Studio 15
Project("{FAE04EC0-301F-11D3-BF4B-00C04F79EFBC}") = "MiniProject1", "test\MiniProject1.csproj", "{A9720C24-A6A1-4C54-88C2-E7F180415F3B}"
EndProject
Global
	GlobalSection(SolutionConfigurationPlatforms) = preSolution
		Debug|Any CPU = Debug|Any CPU
		Release|Any CPU = Release|Any CPU
	EndGlobalSection
	GlobalSection(ProjectConfigurationPlatforms) = postSolution
		{A9720C24-A6A1-4C54-88C2-E7F180415F3B}.Debug|Any CPU.ActiveCfg = Debug|Any CPU
		{A9720C24-A6A1-4C54-88C2-E7F180415F3B}.Debug|Any CPU.Build.0 = Debug|Any CPU
		{A9720C24-A6A1-4C54-88C2-E7F180415F3B}.Release|Any CPU.ActiveCfg = Release|Any CPU
		{A9720C24-A6A1-4C54-88C2-E7F180415F3B}.Release|Any CPU.Build.0 = Release|Any CPU
	EndGlobalSection
EndGlobal
